<?xml version="1.0" encoding="utf-8"?>
<Project ToolsVersion="14.0" xmlns="http://schemas.microsoft.com/developer/msbuild/2003">
  <ItemGroup>
    <Filter Include="Assets">
      <UniqueIdentifier>c6578651-9257-48d0-9b27-6750704d33f8</UniqueIdentifier>
      <Extensions>bmp;fbx;gif;jpg;jpeg;tga;tiff;tif;png</Extensions>
    </Filter>
    <Filter Include="..\MisHorariosCpp_UWP\Sample-Utils">
      <UniqueIdentifier>{6bdb4f9f-5756-4174-85a0-b8478618947c}</UniqueIdentifier>
    </Filter>
    <Filter Include="Assets\pictures">
      <UniqueIdentifier>{90b34fe1-d4b3-492c-adb5-01841f2e4bbe}</UniqueIdentifier>
    </Filter>
    <Filter Include="..\MisHorariosCpp_UWP\JSon_manageData">
      <UniqueIdentifier>{20262345-d0af-4baa-949d-917297a4386b}</UniqueIdentifier>
    </Filter>
  </ItemGroup>
  <ItemGroup>
    <ApplicationDefinition Include="..\MisHorariosCpp_UWP\App.xaml" />
  </ItemGroup>
  <ItemGroup>
    <ClCompile Include="..\MisHorariosCpp_UWP\App.xaml.cpp" />
    <ClCompile Include="..\MisHorariosCpp_UWP\MainPage.xaml.cpp" />
    <ClCompile Include="..\MisHorariosCpp_UWP\pch.cpp" />
    <ClCompile Include="..\MisHorariosCpp_UWP\HorariosPage.xaml.cpp" />
    <ClCompile Include="..\MisHorariosCpp_UWP\ReleaseNotesPage.xaml.cpp" />
    <ClCompile Include="..\MisHorariosCpp_UWP\WelcomePage.xaml.cpp" />
    <ClCompile Include="..\MisHorariosCpp_UWP\JSon_manageData\User.cpp">
      <Filter>JSon_manageData</Filter>
    </ClCompile>
    <ClCompile Include="..\MisHorariosCpp_UWP\JSon_manageData\WorkDays.cpp">
      <Filter>JSon_manageData</Filter>
    </ClCompile>
    <ClCompile Include="..\MisHorariosCpp_UWP\Sample-Utils\Helpers.cpp">
      <Filter>Sample-Utils</Filter>
    </ClCompile>
  </ItemGroup>
  <ItemGroup>
    <ClInclude Include="..\MisHorariosCpp_UWP\pch.h" />
    <ClInclude Include="..\MisHorariosCpp_UWP\App.xaml.h" />
    <ClInclude Include="..\MisHorariosCpp_UWP\MainPage.xaml.h" />
    <ClInclude Include="..\MisHorariosCpp_UWP\HorariosPage.xaml.h" />
    <ClInclude Include="..\MisHorariosCpp_UWP\resource.h" />
    <ClInclude Include="..\MisHorariosCpp_UWP\ReleaseNotesPage.xaml.h" />
    <ClInclude Include="..\MisHorariosCpp_UWP\WelcomePage.xaml.h" />
    <ClInclude Include="..\MisHorariosCpp_UWP\JSon_manageData\User.h">
      <Filter>JSon_manageData</Filter>
    </ClInclude>
    <ClInclude Include="..\MisHorariosCpp_UWP\JSon_manageData\WorkDays.h">
      <Filter>JSon_manageData</Filter>
    </ClInclude>
    <ClInclude Include="..\MisHorariosCpp_UWP\Sample-Utils\Helpers.h">
      <Filter>Sample-Utils</Filter>
    </ClInclude>
  </ItemGroup>
  <ItemGroup>
    <Image Include="Assets\LockScreenLogo.scale-200.png">
      <Filter>Assets</Filter>
    </Image>
    <Image Include="Assets\SplashScreen.scale-200.png">
      <Filter>Assets</Filter>
    </Image>
    <Image Include="Assets\Square150x150Logo.scale-200.png">
      <Filter>Assets</Filter>
    </Image>
    <Image Include="Assets\Square44x44Logo.scale-200.png">
      <Filter>Assets</Filter>
    </Image>
    <Image Include="Assets\Square44x44Logo.targetsize-24_altform-unplated.png">
      <Filter>Assets</Filter>
    </Image>
    <Image Include="Assets\Wide310x150Logo.scale-200.png">
      <Filter>Assets</Filter>
    </Image>
    <Image Include="Assets\SplashScreen.scale-100.png">
      <Filter>Assets</Filter>
    </Image>
    <Image Include="Assets\SplashScreen.scale-125.png">
      <Filter>Assets</Filter>
    </Image>
    <Image Include="Assets\SplashScreen.scale-150.png">
      <Filter>Assets</Filter>
    </Image>
    <Image Include="Assets\SplashScreen.scale-400.png">
      <Filter>Assets</Filter>
    </Image>
    <Image Include="Assets\Square44x44Logo.scale-100.png">
      <Filter>Assets</Filter>
    </Image>
    <Image Include="Assets\Square44x44Logo.scale-400.png">
      <Filter>Assets</Filter>
    </Image>
    <Image Include="Assets\Square44x44Logo.targetsize-256.png">
      <Filter>Assets</Filter>
    </Image>
    <Image Include="Assets\pictures\Welcome_background.png">
      <Filter>Assets\pictures</Filter>
    </Image>
    <Image Include="Assets\pictures\Horarios_background.png">
      <Filter>Assets\pictures</Filter>
    </Image>
    <Image Include="Assets\Square44x44Logo.scale-125.png">
      <Filter>Assets</Filter>
    </Image>
    <Image Include="Assets\Square44x44Logo.scale-150.png">
      <Filter>Assets</Filter>
    </Image>
    <Image Include="Assets\Square44x44Logo.targetsize-16.png">
      <Filter>Assets</Filter>
    </Image>
    <Image Include="Assets\Square44x44Logo.targetsize-24.png">
      <Filter>Assets</Filter>
    </Image>
    <Image Include="Assets\Square44x44Logo.targetsize-32.png">
      <Filter>Assets</Filter>
    </Image>
    <Image Include="Assets\Square44x44Logo.targetsize-48.png">
      <Filter>Assets</Filter>
    </Image>
    <Image Include="Assets\Square44x44Logo.altform-unplated_targetsize-16.png">
      <Filter>Assets</Filter>
    </Image>
    <Image Include="Assets\Square44x44Logo.altform-unplated_targetsize-32.png">
      <Filter>Assets</Filter>
    </Image>
    <Image Include="Assets\Square44x44Logo.altform-unplated_targetsize-48.png">
      <Filter>Assets</Filter>
    </Image>
    <Image Include="Assets\Square44x44Logo.altform-unplated_targetsize-256.png">
      <Filter>Assets</Filter>
    </Image>
    <Image Include="Assets\BadgeLogo.scale-100.png">
      <Filter>Assets</Filter>
    </Image>
    <Image Include="Assets\BadgeLogo.scale-125.png">
      <Filter>Assets</Filter>
    </Image>
    <Image Include="Assets\BadgeLogo.scale-150.png">
      <Filter>Assets</Filter>
    </Image>
    <Image Include="Assets\BadgeLogo.scale-200.png">
      <Filter>Assets</Filter>
    </Image>
    <Image Include="Assets\BadgeLogo.scale-400.png">
      <Filter>Assets</Filter>
    </Image>
    <Image Include="Assets\StoreLogo.scale-100.png">
      <Filter>Assets</Filter>
    </Image>
    <Image Include="Assets\StoreLogo.scale-125.png">
      <Filter>Assets</Filter>
    </Image>
    <Image Include="Assets\StoreLogo.scale-150.png">
      <Filter>Assets</Filter>
    </Image>
    <Image Include="Assets\StoreLogo.scale-200.png">
      <Filter>Assets</Filter>
    </Image>
    <Image Include="Assets\StoreLogo.scale-400.png">
      <Filter>Assets</Filter>
    </Image>
    <Image Include="Assets\SmallTile.scale-100.png">
      <Filter>Assets</Filter>
    </Image>
    <Image Include="Assets\SmallTile.scale-125.png">
      <Filter>Assets</Filter>
    </Image>
    <Image Include="Assets\SmallTile.scale-150.png">
      <Filter>Assets</Filter>
    </Image>
    <Image Include="Assets\SmallTile.scale-200.png">
      <Filter>Assets</Filter>
    </Image>
    <Image Include="Assets\SmallTile.scale-400.png">
      <Filter>Assets</Filter>
    </Image>
    <Image Include="Assets\Wide310x150Logo.scale-100.png">
      <Filter>Assets</Filter>
    </Image>
    <Image Include="Assets\Wide310x150Logo.scale-125.png">
      <Filter>Assets</Filter>
    </Image>
    <Image Include="Assets\Wide310x150Logo.scale-150.png">
      <Filter>Assets</Filter>
    </Image>
    <Image Include="Assets\Wide310x150Logo.scale-400.png">
      <Filter>Assets</Filter>
    </Image>
    <Image Include="Assets\Square150x150Logo.scale-100.png">
      <Filter>Assets</Filter>
    </Image>
    <Image Include="Assets\Square150x150Logo.scale-125.png">
      <Filter>Assets</Filter>
    </Image>
    <Image Include="Assets\Square150x150Logo.scale-150.png">
      <Filter>Assets</Filter>
    </Image>
    <Image Include="Assets\Square150x150Logo.scale-400.png">
      <Filter>Assets</Filter>
    </Image>
    <Image Include="Assets\Square44x44Logo_altform-unplated.scale-100.png">
      <Filter>Assets</Filter>
    </Image>
    <Image Include="Assets\Square44x44Logo_altform-unplated.scale-125.png">
      <Filter>Assets</Filter>
    </Image>
    <Image Include="Assets\Square44x44Logo_altform-unplated.scale-150.png">
      <Filter>Assets</Filter>
    </Image>
    <Image Include="Assets\Square44x44Logo_altform-unplated.scale-200.png">
      <Filter>Assets</Filter>
    </Image>
    <Image Include="Assets\Square44x44Logo_altform-unplated.scale-400.png">
      <Filter>Assets</Filter>
    </Image>
    <Image Include="Assets\Square44x44Logo_altform-unplated.targetsize-16.png">
      <Filter>Assets</Filter>
    </Image>
    <Image Include="Assets\Square44x44Logo_altform-unplated.targetsize-24.png">
      <Filter>Assets</Filter>
    </Image>
    <Image Include="Assets\Square44x44Logo_altform-unplated.targetsize-32.png">
      <Filter>Assets</Filter>
    </Image>
    <Image Include="Assets\Square44x44Logo_altform-unplated.targetsize-48.png">
      <Filter>Assets</Filter>
    </Image>
    <Image Include="Assets\Square44x44Logo_altform-unplated.targetsize-256.png">
      <Filter>Assets</Filter>
    </Image>
    <Image Include="Assets\Square44x44Logo_altform-unplated.altform-unplated_targetsize-16.png">
      <Filter>Assets</Filter>
    </Image>
    <Image Include="Assets\Square44x44Logo_altform-unplated.altform-unplated_targetsize-24.png">
      <Filter>Assets</Filter>
    </Image>
    <Image Include="Assets\Square44x44Logo_altform-unplated.altform-unplated_targetsize-32.png">
      <Filter>Assets</Filter>
    </Image>
    <Image Include="Assets\Square44x44Logo_altform-unplated.altform-unplated_targetsize-48.png">
      <Filter>Assets</Filter>
    </Image>
    <Image Include="Assets\Square44x44Logo_altform-unplated.altform-unplated_targetsize-256.png">
      <Filter>Assets</Filter>
    </Image>
    <Image Include="Assets\LargeTile.scale-100.png">
      <Filter>Assets</Filter>
    </Image>
    <Image Include="Assets\LargeTile.scale-125.png">
      <Filter>Assets</Filter>
    </Image>
    <Image Include="Assets\LargeTile.scale-150.png">
      <Filter>Assets</Filter>
    </Image>
    <Image Include="Assets\LargeTile.scale-200.png">
      <Filter>Assets</Filter>
    </Image>
    <Image Include="Assets\LargeTile.scale-400.png">
      <Filter>Assets</Filter>
    </Image>
  </ItemGroup>
  <ItemGroup>
    <AppxManifest Include="Package.appxmanifest" />
  </ItemGroup>
  <ItemGroup>
    <Page Include="..\MisHorariosCpp_UWP\MainPage.xaml" />
    <Page Include="HorariosPage.xaml" />
    <Page Include="ReleaseNotesPage.xaml" />
    <Page Include="WelcomePage.xaml" />
  </ItemGroup>
  <ItemGroup>
    <ResourceCompile Include="..\MisHorariosCpp_UWP\MisHorariosCpp_UWP.rc" />
  </ItemGroup>
  <ItemGroup>
    <None Include="..\MisHorariosCpp_UWP\MisHorariosCpp_UWP_TemporaryKey.pfx" />
    <None Include="Package.StoreAssociation.xml" />
  </ItemGroup>
</Project>